
Microsoft Visual Studio Solution File, Format Version 12.00
# Visual Studio Version 17
VisualStudioVersion = 17.9.34728.123
MinimumVisualStudioVersion = 10.0.40219.1
Project("{FAE04EC0-301F-11D3-BF4B-00C04F79EFBC}") = "BasicATM", "BasicATM\BasicATM.csproj", "{28F5E102-A7A0-4806-999D-C3A429D454B0}"
EndProject
Global
	GlobalSection(SolutionConfigurationPlatforms) = preSolution
		Debug|Any CPU = Debug|Any CPU
		Release|Any CPU = Release|Any CPU
	EndGlobalSection
	GlobalSection(ProjectConfigurationPlatforms) = postSolution
		{28F5E102-A7A0-4806-999D-C3A429D454B0}.Debug|Any CPU.ActiveCfg = Debug|Any CPU
		{28F5E102-A7A0-4806-999D-C3A429D454B0}.Debug|Any CPU.Build.0 = Debug|Any CPU
		{28F5E102-A7A0-4806-999D-C3A429D454B0}.Release|Any CPU.ActiveCfg = Release|Any CPU
		{28F5E102-A7A0-4806-999D-C3A429D454B0}.Release|Any CPU.Build.0 = Release|Any CPU
	EndGlobalSection
	GlobalSection(SolutionProperties) = preSolution
		HideSolutionNode = FALSE
	EndGlobalSection
	GlobalSection(ExtensibilityGlobals) = postSolution
		SolutionGuid = {806FE53B-4D37-4581-9AC2-A45D0656BDF8}
	EndGlobalSection
EndGlobal
